
Microsoft Visual Studio Solution File, Format Version 12.00
Project("{FAE04EC0-301F-11D3-BF4B-00C04F79EFBC}") = "Core", "Core\Core.csproj", "{3560E599-A3C7-4636-9904-66CA5C998E3D}"
EndProject
Project("{FAE04EC0-301F-11D3-BF4B-00C04F79EFBC}") = "UnitTest.Core", "UnitTest.Core\UnitTest.Core.csproj", "{F376B501-6AAA-4DC3-9945-DCE3BEB500C8}"
EndProject
Project("{2150E333-8FDC-42A3-9474-1A3956D46DE8}") = "main", "main", "{A460C396-DE15-470E-9214-582C3EBB7AD5}"
EndProject
Project("{2150E333-8FDC-42A3-9474-1A3956D46DE8}") = "test", "test", "{A5454FB6-9466-44AB-9DF8-B7960CFFBFFA}"
EndProject
Project("{FAE04EC0-301F-11D3-BF4B-00C04F79EFBC}") = "EntryPoint.WebApi", "EntryPoint.WebApi\EntryPoint.WebApi.csproj", "{FACC4BF4-B3CE-4FBE-A172-559909B9DA9A}"
EndProject
Project("{FAE04EC0-301F-11D3-BF4B-00C04F79EFBC}") = "IntegrationTest.EntryPoint.WebApi", "IntegrationTest.EntryPoint.WebApi\IntegrationTest.EntryPoint.WebApi.csproj", "{DC186A75-473F-4EC1-A84D-CF9CCFDDCA07}"
EndProject
Project("{FAE04EC0-301F-11D3-BF4B-00C04F79EFBC}") = "Infra.Firestore", "Infra.Firestore\Infra.Firestore.csproj", "{340A150C-3E01-400B-9790-8211F8D5954E}"
EndProject
Project("{FAE04EC0-301F-11D3-BF4B-00C04F79EFBC}") = "IntegrationTest.Infra.Firestore", "IntegrationTest.Infra.Firestore\IntegrationTest.Infra.Firestore.csproj", "{DBFE0926-6AA4-48C9-87AC-65DF2E3C5976}"
EndProject
Project("{FAE04EC0-301F-11D3-BF4B-00C04F79EFBC}") = "Infra.MongoDB", "Infra.MongoDB\Infra.MongoDB.csproj", "{BCB1B75E-5FE5-4E84-A0EC-23B5640132D7}"
EndProject
Project("{FAE04EC0-301F-11D3-BF4B-00C04F79EFBC}") = "IntegrationTest.Infra.MongoDB", "IntegrationTest.Infra.MongoDB\IntegrationTest.Infra.MongoDB.csproj", "{94262D47-BFFA-4498-B33F-DD862E23A834}"
EndProject
Global
	GlobalSection(SolutionConfigurationPlatforms) = preSolution
		Debug|Any CPU = Debug|Any CPU
		Release|Any CPU = Release|Any CPU
	EndGlobalSection
	GlobalSection(ProjectConfigurationPlatforms) = postSolution
		{3560E599-A3C7-4636-9904-66CA5C998E3D}.Debug|Any CPU.ActiveCfg = Debug|Any CPU
		{3560E599-A3C7-4636-9904-66CA5C998E3D}.Debug|Any CPU.Build.0 = Debug|Any CPU
		{3560E599-A3C7-4636-9904-66CA5C998E3D}.Release|Any CPU.ActiveCfg = Release|Any CPU
		{3560E599-A3C7-4636-9904-66CA5C998E3D}.Release|Any CPU.Build.0 = Release|Any CPU
		{F376B501-6AAA-4DC3-9945-DCE3BEB500C8}.Debug|Any CPU.ActiveCfg = Debug|Any CPU
		{F376B501-6AAA-4DC3-9945-DCE3BEB500C8}.Debug|Any CPU.Build.0 = Debug|Any CPU
		{F376B501-6AAA-4DC3-9945-DCE3BEB500C8}.Release|Any CPU.ActiveCfg = Release|Any CPU
		{F376B501-6AAA-4DC3-9945-DCE3BEB500C8}.Release|Any CPU.Build.0 = Release|Any CPU
		{FACC4BF4-B3CE-4FBE-A172-559909B9DA9A}.Debug|Any CPU.ActiveCfg = Debug|Any CPU
		{FACC4BF4-B3CE-4FBE-A172-559909B9DA9A}.Debug|Any CPU.Build.0 = Debug|Any CPU
		{FACC4BF4-B3CE-4FBE-A172-559909B9DA9A}.Release|Any CPU.ActiveCfg = Release|Any CPU
		{FACC4BF4-B3CE-4FBE-A172-559909B9DA9A}.Release|Any CPU.Build.0 = Release|Any CPU
		{DC186A75-473F-4EC1-A84D-CF9CCFDDCA07}.Debug|Any CPU.ActiveCfg = Debug|Any CPU
		{DC186A75-473F-4EC1-A84D-CF9CCFDDCA07}.Debug|Any CPU.Build.0 = Debug|Any CPU
		{DC186A75-473F-4EC1-A84D-CF9CCFDDCA07}.Release|Any CPU.ActiveCfg = Release|Any CPU
		{DC186A75-473F-4EC1-A84D-CF9CCFDDCA07}.Release|Any CPU.Build.0 = Release|Any CPU
		{340A150C-3E01-400B-9790-8211F8D5954E}.Debug|Any CPU.ActiveCfg = Debug|Any CPU
		{340A150C-3E01-400B-9790-8211F8D5954E}.Debug|Any CPU.Build.0 = Debug|Any CPU
		{340A150C-3E01-400B-9790-8211F8D5954E}.Release|Any CPU.ActiveCfg = Release|Any CPU
		{340A150C-3E01-400B-9790-8211F8D5954E}.Release|Any CPU.Build.0 = Release|Any CPU
		{DBFE0926-6AA4-48C9-87AC-65DF2E3C5976}.Debug|Any CPU.ActiveCfg = Debug|Any CPU
		{DBFE0926-6AA4-48C9-87AC-65DF2E3C5976}.Debug|Any CPU.Build.0 = Debug|Any CPU
		{DBFE0926-6AA4-48C9-87AC-65DF2E3C5976}.Release|Any CPU.ActiveCfg = Release|Any CPU
		{DBFE0926-6AA4-48C9-87AC-65DF2E3C5976}.Release|Any CPU.Build.0 = Release|Any CPU
		{BCB1B75E-5FE5-4E84-A0EC-23B5640132D7}.Debug|Any CPU.ActiveCfg = Debug|Any CPU
		{BCB1B75E-5FE5-4E84-A0EC-23B5640132D7}.Debug|Any CPU.Build.0 = Debug|Any CPU
		{BCB1B75E-5FE5-4E84-A0EC-23B5640132D7}.Release|Any CPU.ActiveCfg = Release|Any CPU
		{BCB1B75E-5FE5-4E84-A0EC-23B5640132D7}.Release|Any CPU.Build.0 = Release|Any CPU
		{94262D47-BFFA-4498-B33F-DD862E23A834}.Debug|Any CPU.ActiveCfg = Debug|Any CPU
		{94262D47-BFFA-4498-B33F-DD862E23A834}.Debug|Any CPU.Build.0 = Debug|Any CPU
		{94262D47-BFFA-4498-B33F-DD862E23A834}.Release|Any CPU.ActiveCfg = Release|Any CPU
		{94262D47-BFFA-4498-B33F-DD862E23A834}.Release|Any CPU.Build.0 = Release|Any CPU
	EndGlobalSection
	GlobalSection(NestedProjects) = preSolution
		{3560E599-A3C7-4636-9904-66CA5C998E3D} = {A460C396-DE15-470E-9214-582C3EBB7AD5}
		{F376B501-6AAA-4DC3-9945-DCE3BEB500C8} = {A5454FB6-9466-44AB-9DF8-B7960CFFBFFA}
		{FACC4BF4-B3CE-4FBE-A172-559909B9DA9A} = {A460C396-DE15-470E-9214-582C3EBB7AD5}
		{DC186A75-473F-4EC1-A84D-CF9CCFDDCA07} = {A5454FB6-9466-44AB-9DF8-B7960CFFBFFA}
		{340A150C-3E01-400B-9790-8211F8D5954E} = {A460C396-DE15-470E-9214-582C3EBB7AD5}
		{DBFE0926-6AA4-48C9-87AC-65DF2E3C5976} = {A5454FB6-9466-44AB-9DF8-B7960CFFBFFA}
		{BCB1B75E-5FE5-4E84-A0EC-23B5640132D7} = {A460C396-DE15-470E-9214-582C3EBB7AD5}
		{94262D47-BFFA-4498-B33F-DD862E23A834} = {A5454FB6-9466-44AB-9DF8-B7960CFFBFFA}
	EndGlobalSection
EndGlobal
